
Microsoft Visual Studio Solution File, Format Version 12.00
# Visual Studio Version 17
VisualStudioVersion = 17.0.31912.275
MinimumVisualStudioVersion = 10.0.40219.1
Project("{FAE04EC0-301F-11D3-BF4B-00C04F79EFBC}") = "Rsa2Demo", "Rsa2Demo\Rsa2Demo.csproj", "{8EED0CE4-22D8-4519-8846-13E0CE526B8A}"
EndProject
Project("{FAE04EC0-301F-11D3-BF4B-00C04F79EFBC}") = "RSAHelper", "RSAHelper\RSAHelper.csproj", "{940A2774-9C0C-4630-B1C2-B2F4A5FC2711}"
EndProject
Global
	GlobalSection(SolutionConfigurationPlatforms) = preSolution
		Debug|Any CPU = Debug|Any CPU
		Release|Any CPU = Release|Any CPU
	EndGlobalSection
	GlobalSection(ProjectConfigurationPlatforms) = postSolution
		{8EED0CE4-22D8-4519-8846-13E0CE526B8A}.Debug|Any CPU.ActiveCfg = Debug|Any CPU
		{8EED0CE4-22D8-4519-8846-13E0CE526B8A}.Debug|Any CPU.Build.0 = Debug|Any CPU
		{8EED0CE4-22D8-4519-8846-13E0CE526B8A}.Release|Any CPU.ActiveCfg = Release|Any CPU
		{8EED0CE4-22D8-4519-8846-13E0CE526B8A}.Release|Any CPU.Build.0 = Release|Any CPU
		{940A2774-9C0C-4630-B1C2-B2F4A5FC2711}.Debug|Any CPU.ActiveCfg = Debug|Any CPU
		{940A2774-9C0C-4630-B1C2-B2F4A5FC2711}.Debug|Any CPU.Build.0 = Debug|Any CPU
		{940A2774-9C0C-4630-B1C2-B2F4A5FC2711}.Release|Any CPU.ActiveCfg = Release|Any CPU
		{940A2774-9C0C-4630-B1C2-B2F4A5FC2711}.Release|Any CPU.Build.0 = Release|Any CPU
	EndGlobalSection
	GlobalSection(SolutionProperties) = preSolution
		HideSolutionNode = FALSE
	EndGlobalSection
	GlobalSection(ExtensibilityGlobals) = postSolution
		SolutionGuid = {004A75A9-E4EF-412F-BE83-6DCD6241E866}
	EndGlobalSection
EndGlobal
